
Microsoft Visual Studio Solution File, Format Version 12.00
# Visual Studio 2012
Project("{FAE04EC0-301F-11D3-BF4B-00C04F79EFBC}") = "Zadaca2_Pozoriste", "Zadaca2_Pozoriste\Zadaca2_Pozoriste.csproj", "{A2269BF1-380B-49A6-81B6-89022B8DD653}"
EndProject
Global
	GlobalSection(SolutionConfigurationPlatforms) = preSolution
		Debug|Any CPU = Debug|Any CPU
		Release|Any CPU = Release|Any CPU
	EndGlobalSection
	GlobalSection(ProjectConfigurationPlatforms) = postSolution
		{A2269BF1-380B-49A6-81B6-89022B8DD653}.Debug|Any CPU.ActiveCfg = Debug|Any CPU
		{A2269BF1-380B-49A6-81B6-89022B8DD653}.Debug|Any CPU.Build.0 = Debug|Any CPU
		{A2269BF1-380B-49A6-81B6-89022B8DD653}.Release|Any CPU.ActiveCfg = Release|Any CPU
		{A2269BF1-380B-49A6-81B6-89022B8DD653}.Release|Any CPU.Build.0 = Release|Any CPU
	EndGlobalSection
	GlobalSection(SolutionProperties) = preSolution
		HideSolutionNode = FALSE
	EndGlobalSection
EndGlobal
